
Microsoft Visual Studio Solution File, Format Version 12.00
# Visual Studio Version 17
VisualStudioVersion = 17.1.32210.238
MinimumVisualStudioVersion = 10.0.40219.1
Project("{FAE04EC0-301F-11D3-BF4B-00C04F79EFBC}") = "Technologie internetowe", "Technologie internetowe.csproj", "{F4ED1915-2DC6-4664-9E45-CA84BA37023E}"
EndProject
Global
	GlobalSection(SolutionConfigurationPlatforms) = preSolution
		Debug|Any CPU = Debug|Any CPU
		Release|Any CPU = Release|Any CPU
	EndGlobalSection
	GlobalSection(ProjectConfigurationPlatforms) = postSolution
		{F4ED1915-2DC6-4664-9E45-CA84BA37023E}.Debug|Any CPU.ActiveCfg = Debug|Any CPU
		{F4ED1915-2DC6-4664-9E45-CA84BA37023E}.Debug|Any CPU.Build.0 = Debug|Any CPU
		{F4ED1915-2DC6-4664-9E45-CA84BA37023E}.Release|Any CPU.ActiveCfg = Release|Any CPU
		{F4ED1915-2DC6-4664-9E45-CA84BA37023E}.Release|Any CPU.Build.0 = Release|Any CPU
	EndGlobalSection
	GlobalSection(SolutionProperties) = preSolution
		HideSolutionNode = FALSE
	EndGlobalSection
	GlobalSection(ExtensibilityGlobals) = postSolution
		SolutionGuid = {2F68A933-525E-4F11-971F-2A9E6FB259DB}
	EndGlobalSection
EndGlobal
